
Microsoft Visual Studio Solution File, Format Version 12.00
# Visual Studio Version 17
VisualStudioVersion = 17.10.34818.151
MinimumVisualStudioVersion = 10.0.40219.1
Project("{9A19103F-16F7-4668-BE54-9A1E7A4F7556}") = "ApiUserTest.Api", "src\ApiUserTest.Api\ApiUserTest.Api.csproj", "{4A52A874-43B7-44CD-962C-B870BA1CBF76}"
EndProject
Project("{FAE04EC0-301F-11D3-BF4B-00C04F79EFBC}") = "ApiUserTest.Infrastruture", "src\ApiUserTest.Infrastruture\ApiUserTest.Infrastruture.csproj", "{5BC6051B-4319-44F5-B532-6ED9B310597B}"
EndProject
Project("{FAE04EC0-301F-11D3-BF4B-00C04F79EFBC}") = "ApiUserTest.Domain", "src\ApiUserTest.Domain\ApiUserTest.Domain.csproj", "{AFA75D80-D950-4764-B6BC-84593767B220}"
EndProject
Global
	GlobalSection(SolutionConfigurationPlatforms) = preSolution
		Debug|Any CPU = Debug|Any CPU
		Release|Any CPU = Release|Any CPU
	EndGlobalSection
	GlobalSection(ProjectConfigurationPlatforms) = postSolution
		{4A52A874-43B7-44CD-962C-B870BA1CBF76}.Debug|Any CPU.ActiveCfg = Debug|Any CPU
		{4A52A874-43B7-44CD-962C-B870BA1CBF76}.Debug|Any CPU.Build.0 = Debug|Any CPU
		{4A52A874-43B7-44CD-962C-B870BA1CBF76}.Release|Any CPU.ActiveCfg = Release|Any CPU
		{4A52A874-43B7-44CD-962C-B870BA1CBF76}.Release|Any CPU.Build.0 = Release|Any CPU
		{5BC6051B-4319-44F5-B532-6ED9B310597B}.Debug|Any CPU.ActiveCfg = Debug|Any CPU
		{5BC6051B-4319-44F5-B532-6ED9B310597B}.Debug|Any CPU.Build.0 = Debug|Any CPU
		{5BC6051B-4319-44F5-B532-6ED9B310597B}.Release|Any CPU.ActiveCfg = Release|Any CPU
		{5BC6051B-4319-44F5-B532-6ED9B310597B}.Release|Any CPU.Build.0 = Release|Any CPU
		{AFA75D80-D950-4764-B6BC-84593767B220}.Debug|Any CPU.ActiveCfg = Debug|Any CPU
		{AFA75D80-D950-4764-B6BC-84593767B220}.Debug|Any CPU.Build.0 = Debug|Any CPU
		{AFA75D80-D950-4764-B6BC-84593767B220}.Release|Any CPU.ActiveCfg = Release|Any CPU
		{AFA75D80-D950-4764-B6BC-84593767B220}.Release|Any CPU.Build.0 = Release|Any CPU
	EndGlobalSection
	GlobalSection(SolutionProperties) = preSolution
		HideSolutionNode = FALSE
	EndGlobalSection
	GlobalSection(ExtensibilityGlobals) = postSolution
		SolutionGuid = {0B5F92EA-DA9C-49A2-9CD7-6662EE468FA2}
	EndGlobalSection
EndGlobal
