
Microsoft Visual Studio Solution File, Format Version 12.00
# Visual Studio Version 17
VisualStudioVersion = 17.10.34818.151
MinimumVisualStudioVersion = 10.0.40219.1
Project("{2150E333-8FDC-42A3-9474-1A3956D46DE8}") = "src", "src", "{7985015C-FC2A-47E7-A66C-C5127BC7CF15}"
EndProject
Project("{2150E333-8FDC-42A3-9474-1A3956D46DE8}") = "tests", "tests", "{CC4F7D75-652C-44A6-99BD-C7861EC1D970}"
EndProject
Project("{9A19103F-16F7-4668-BE54-9A1E7A4F7556}") = "ApiUser.Domain", "src\ApiUser.Domain\ApiUser.Domain.csproj", "{9E30B2C3-059A-4F05-BB4F-2C4CAD15D2EB}"
EndProject
Project("{9A19103F-16F7-4668-BE54-9A1E7A4F7556}") = "ApiUser.Repository", "src\ApiUser.Repository\ApiUser.Repository.csproj", "{76D0E327-21F4-48F8-BED2-7839F2F4E9A2}"
EndProject
Project("{9A19103F-16F7-4668-BE54-9A1E7A4F7556}") = "ApiUser.Api", "src\ApiUser.Api\ApiUser.Api.csproj", "{82CB33B7-1D89-4A91-8234-A4C515F4B651}"
EndProject
Project("{9A19103F-16F7-4668-BE54-9A1E7A4F7556}") = "ApiUser.Domain.Test", "tests\ApiUser.Domain.Test\ApiUser.Domain.Test.csproj", "{50A5B51B-4768-41E0-BF6A-5DDDCA7CD435}"
EndProject
Project("{9A19103F-16F7-4668-BE54-9A1E7A4F7556}") = "ApiUser.Api.Test", "tests\ApiUser.Api.Test\ApiUser.Api.Test.csproj", "{0547797D-D7A2-41DF-86DA-FFB6F18DFCF2}"
EndProject
Project("{9A19103F-16F7-4668-BE54-9A1E7A4F7556}") = "ApiUser.Repository.Test", "tests\ApiUser.Repository.Test\ApiUser.Repository.Test.csproj", "{A5C9B067-A177-4E5C-9D0A-F1CC235F375C}"
EndProject
Project("{2150E333-8FDC-42A3-9474-1A3956D46DE8}") = "Solution Items", "Solution Items", "{6F035A21-7C69-4DF8-8AA8-2F1BF3560A14}"
	ProjectSection(SolutionItems) = preProject
		README.md = README.md
	EndProjectSection
EndProject
Global
	GlobalSection(SolutionConfigurationPlatforms) = preSolution
		Debug|Any CPU = Debug|Any CPU
		Release|Any CPU = Release|Any CPU
	EndGlobalSection
	GlobalSection(ProjectConfigurationPlatforms) = postSolution
		{9E30B2C3-059A-4F05-BB4F-2C4CAD15D2EB}.Debug|Any CPU.ActiveCfg = Debug|Any CPU
		{9E30B2C3-059A-4F05-BB4F-2C4CAD15D2EB}.Debug|Any CPU.Build.0 = Debug|Any CPU
		{9E30B2C3-059A-4F05-BB4F-2C4CAD15D2EB}.Release|Any CPU.ActiveCfg = Release|Any CPU
		{9E30B2C3-059A-4F05-BB4F-2C4CAD15D2EB}.Release|Any CPU.Build.0 = Release|Any CPU
		{76D0E327-21F4-48F8-BED2-7839F2F4E9A2}.Debug|Any CPU.ActiveCfg = Debug|Any CPU
		{76D0E327-21F4-48F8-BED2-7839F2F4E9A2}.Debug|Any CPU.Build.0 = Debug|Any CPU
		{76D0E327-21F4-48F8-BED2-7839F2F4E9A2}.Release|Any CPU.ActiveCfg = Release|Any CPU
		{76D0E327-21F4-48F8-BED2-7839F2F4E9A2}.Release|Any CPU.Build.0 = Release|Any CPU
		{82CB33B7-1D89-4A91-8234-A4C515F4B651}.Debug|Any CPU.ActiveCfg = Debug|Any CPU
		{82CB33B7-1D89-4A91-8234-A4C515F4B651}.Debug|Any CPU.Build.0 = Debug|Any CPU
		{82CB33B7-1D89-4A91-8234-A4C515F4B651}.Release|Any CPU.ActiveCfg = Release|Any CPU
		{82CB33B7-1D89-4A91-8234-A4C515F4B651}.Release|Any CPU.Build.0 = Release|Any CPU
		{50A5B51B-4768-41E0-BF6A-5DDDCA7CD435}.Debug|Any CPU.ActiveCfg = Debug|Any CPU
		{50A5B51B-4768-41E0-BF6A-5DDDCA7CD435}.Debug|Any CPU.Build.0 = Debug|Any CPU
		{50A5B51B-4768-41E0-BF6A-5DDDCA7CD435}.Release|Any CPU.ActiveCfg = Release|Any CPU
		{50A5B51B-4768-41E0-BF6A-5DDDCA7CD435}.Release|Any CPU.Build.0 = Release|Any CPU
		{0547797D-D7A2-41DF-86DA-FFB6F18DFCF2}.Debug|Any CPU.ActiveCfg = Debug|Any CPU
		{0547797D-D7A2-41DF-86DA-FFB6F18DFCF2}.Debug|Any CPU.Build.0 = Debug|Any CPU
		{0547797D-D7A2-41DF-86DA-FFB6F18DFCF2}.Release|Any CPU.ActiveCfg = Release|Any CPU
		{0547797D-D7A2-41DF-86DA-FFB6F18DFCF2}.Release|Any CPU.Build.0 = Release|Any CPU
		{A5C9B067-A177-4E5C-9D0A-F1CC235F375C}.Debug|Any CPU.ActiveCfg = Debug|Any CPU
		{A5C9B067-A177-4E5C-9D0A-F1CC235F375C}.Debug|Any CPU.Build.0 = Debug|Any CPU
		{A5C9B067-A177-4E5C-9D0A-F1CC235F375C}.Release|Any CPU.ActiveCfg = Release|Any CPU
		{A5C9B067-A177-4E5C-9D0A-F1CC235F375C}.Release|Any CPU.Build.0 = Release|Any CPU
	EndGlobalSection
	GlobalSection(SolutionProperties) = preSolution
		HideSolutionNode = FALSE
	EndGlobalSection
	GlobalSection(NestedProjects) = preSolution
		{9E30B2C3-059A-4F05-BB4F-2C4CAD15D2EB} = {7985015C-FC2A-47E7-A66C-C5127BC7CF15}
		{76D0E327-21F4-48F8-BED2-7839F2F4E9A2} = {7985015C-FC2A-47E7-A66C-C5127BC7CF15}
		{82CB33B7-1D89-4A91-8234-A4C515F4B651} = {7985015C-FC2A-47E7-A66C-C5127BC7CF15}
		{50A5B51B-4768-41E0-BF6A-5DDDCA7CD435} = {CC4F7D75-652C-44A6-99BD-C7861EC1D970}
		{0547797D-D7A2-41DF-86DA-FFB6F18DFCF2} = {CC4F7D75-652C-44A6-99BD-C7861EC1D970}
		{A5C9B067-A177-4E5C-9D0A-F1CC235F375C} = {CC4F7D75-652C-44A6-99BD-C7861EC1D970}
	EndGlobalSection
	GlobalSection(ExtensibilityGlobals) = postSolution
		SolutionGuid = {0B5F92EA-DA9C-49A2-9CD7-6662EE468FA2}
	EndGlobalSection
EndGlobal
